{
  "name": "pdp-pdf-converter",
  "version": "1.0.0",
  "lockfileVersion": 3,
  "requires": true,
  "packages": {
    "": {
      "name": "pdp-pdf-converter",
      "version": "1.0.0",
      "license": "ISC",
      "dependencies": {
        "@heroui/card": "^2.2.22",
        "@heroui/image": "^2.2.15",
        "@heroui/system": "^2.4.19",
        "@heroui/theme": "^2.4.19",
        "framer-motion": "^12.23.6",
        "tailwindcss": "^4.0.0"
      }
    },
    "node_modules/@formatjs/ecma402-abstract": {
      "version": "2.3.4",
      "resolved": "https://registry.npmjs.org/@formatjs/ecma402-abstract/-/ecma402-abstract-2.3.4.tgz",
      "integrity": "sha512-qrycXDeaORzIqNhBOx0btnhpD1c+/qFIHAN9znofuMJX6QBwtbrmlpWfD4oiUUD2vJUOIYFA/gYtg2KAMGG7sA==",
      "dependencies": {
        "@formatjs/fast-memoize": "2.2.7",
        "@formatjs/intl-localematcher": "0.6.1",
        "decimal.js": "^10.4.3",
        "tslib": "^2.8.0"
      }
    },
    "node_modules/@formatjs/fast-memoize": {
      "version": "2.2.7",
      "resolved": "https://registry.npmjs.org/@formatjs/fast-memoize/-/fast-memoize-2.2.7.tgz",
      "integrity": "sha512-Yabmi9nSvyOMrlSeGGWDiH7rf3a7sIwplbvo/dlz9WCIjzIQAfy1RMf4S0X3yG724n5Ghu2GmEl5NJIV6O9sZQ==",
      "dependencies": {
        "tslib": "^2.8.0"
      }
    },
    "node_modules/@formatjs/icu-messageformat-parser": {
      "version": "2.11.2",
      "resolved": "https://registry.npmjs.org/@formatjs/icu-messageformat-parser/-/icu-messageformat-parser-2.11.2.tgz",
      "integrity": "sha512-AfiMi5NOSo2TQImsYAg8UYddsNJ/vUEv/HaNqiFjnI3ZFfWihUtD5QtuX6kHl8+H+d3qvnE/3HZrfzgdWpsLNA==",
      "dependencies": {
        "@formatjs/ecma402-abstract": "2.3.4",
        "@formatjs/icu-skeleton-parser": "1.8.14",
        "tslib": "^2.8.0"
      }
    },
    "node_modules/@formatjs/icu-skeleton-parser": {
      "version": "1.8.14",
      "resolved": "https://registry.npmjs.org/@formatjs/icu-skeleton-parser/-/icu-skeleton-parser-1.8.14.tgz",
      "integrity": "sha512-i4q4V4qslThK4Ig8SxyD76cp3+QJ3sAqr7f6q9VVfeGtxG9OhiAk3y9XF6Q41OymsKzsGQ6OQQoJNY4/lI8TcQ==",
      "dependencies": {
        "@formatjs/ecma402-abstract": "2.3.4",
        "tslib": "^2.8.0"
      }
    },
    "node_modules/@formatjs/intl-localematcher": {
      "version": "0.6.1",
      "resolved": "https://registry.npmjs.org/@formatjs/intl-localematcher/-/intl-localematcher-0.6.1.tgz",
      "integrity": "sha512-ePEgLgVCqi2BBFnTMWPfIghu6FkbZnnBVhO2sSxvLfrdFw7wCHAHiDoM2h4NRgjbaY7+B7HgOLZGkK187pZTZg==",
      "dependencies": {
        "tslib": "^2.8.0"
      }
    },
    "node_modules/@heroui/card": {
      "version": "2.2.22",
      "resolved": "https://registry.npmjs.org/@heroui/card/-/card-2.2.22.tgz",
      "integrity": "sha512-JJv3snddQJ5y0M4CIC2pu4RDtK2RAXmKx4w22fAfkPEE+lFVZDnyU9fwRhhO8KoIHdv4oYvMJ+McjHIwCQvPrQ==",
      "dependencies": {
        "@heroui/react-utils": "2.1.12",
        "@heroui/ripple": "2.2.18",
        "@heroui/shared-utils": "2.1.10",
        "@heroui/use-aria-button": "2.2.17",
        "@react-aria/focus": "3.20.5",
        "@react-aria/interactions": "3.25.3",
        "@react-types/shared": "3.30.0"
      },
      "peerDependencies": {
        "@heroui/system": ">=2.4.18",
        "@heroui/theme": ">=2.4.17",
        "framer-motion": ">=11.5.6 || >=12.0.0-alpha.1",
        "react": ">=18 || >=19.0.0-rc.0",
        "react-dom": ">=18 || >=19.0.0-rc.0"
      }
    },
    "node_modules/@heroui/dom-animation": {
      "version": "2.1.10",
      "resolved": "https://registry.npmjs.org/@heroui/dom-animation/-/dom-animation-2.1.10.tgz",
      "integrity": "sha512-dt+0xdVPbORwNvFT5pnqV2ULLlSgOJeqlg/DMo97s9RWeD6rD4VedNY90c8C9meqWqGegQYBQ9ztsfX32mGEPA==",
      "peerDependencies": {
        "framer-motion": ">=11.5.6 || >=12.0.0-alpha.1"
      }
    },
    "node_modules/@heroui/image": {
      "version": "2.2.15",
      "resolved": "https://registry.npmjs.org/@heroui/image/-/image-2.2.15.tgz",
      "integrity": "sha512-7/DIVZJh2CIZuzoRW9/XVLRyLTWsqNFQgEknEAjGudAUxlcu1dJ8ZuFBVC55SfPIrXE7WuGoiG1Q0B1iwW65IA==",
      "dependencies": {
        "@heroui/react-utils": "2.1.12",
        "@heroui/shared-utils": "2.1.10",
        "@heroui/use-image": "2.1.11"
      },
      "peerDependencies": {
        "@heroui/system": ">=2.4.18",
        "@heroui/theme": ">=2.4.17",
        "react": ">=18 || >=19.0.0-rc.0",
        "react-dom": ">=18 || >=19.0.0-rc.0"
      }
    },
    "node_modules/@heroui/react-rsc-utils": {
      "version": "2.1.9",
      "resolved": "https://registry.npmjs.org/@heroui/react-rsc-utils/-/react-rsc-utils-2.1.9.tgz",
      "integrity": "sha512-e77OEjNCmQxE9/pnLDDb93qWkX58/CcgIqdNAczT/zUP+a48NxGq2A2WRimvc1uviwaNL2StriE2DmyZPyYW7Q==",
      "peerDependencies": {
        "react": ">=18 || >=19.0.0-rc.0"
      }
    },
    "node_modules/@heroui/react-utils": {
      "version": "2.1.12",
      "resolved": "https://registry.npmjs.org/@heroui/react-utils/-/react-utils-2.1.12.tgz",
      "integrity": "sha512-D+EYFMtBuWGrtsw+CklgAHtQfT17wZcjmKIvUMGOjAFFSLHG9NJd7yOrsZGk90OuJVQ3O1Gj3MfchEmUXidxyw==",
      "dependencies": {
        "@heroui/react-rsc-utils": "2.1.9",
        "@heroui/shared-utils": "2.1.10"
      },
      "peerDependencies": {
        "react": ">=18 || >=19.0.0-rc.0"
      }
    },
    "node_modules/@heroui/ripple": {
      "version": "2.2.18",
      "resolved": "https://registry.npmjs.org/@heroui/ripple/-/ripple-2.2.18.tgz",
      "integrity": "sha512-EAZrF6hLJTBiv1sF6R3Wfj/pAIO2yIdVNT2vzaNEXEInrB/fFJlnxfka4p89JjuPl3tiC9jAfavv+zK9YhyBag==",
      "dependencies": {
        "@heroui/dom-animation": "2.1.10",
        "@heroui/shared-utils": "2.1.10"
      },
      "peerDependencies": {
        "@heroui/system": ">=2.4.18",
        "@heroui/theme": ">=2.4.17",
        "framer-motion": ">=11.5.6 || >=12.0.0-alpha.1",
        "react": ">=18 || >=19.0.0-rc.0",
        "react-dom": ">=18 || >=19.0.0-rc.0"
      }
    },
    "node_modules/@heroui/shared-utils": {
      "version": "2.1.10",
      "resolved": "https://registry.npmjs.org/@heroui/shared-utils/-/shared-utils-2.1.10.tgz",
      "integrity": "sha512-w6pSRZZBNDG5/aFueSDUWqOIzqUjKojukg7FxTnVeUX+vIlnYV2Wfv+W+C4l+OV7o0t8emeoe5tXZh8QcLEZEQ==",
      "hasInstallScript": true
    },
    "node_modules/@heroui/system": {
      "version": "2.4.19",
      "resolved": "https://registry.npmjs.org/@heroui/system/-/system-2.4.19.tgz",
      "integrity": "sha512-glLZASHQPmyE4BGVD22VyBb/vP0CRfHVFmA8/TXmNWqGLmapmcWgbJ3cnKOE7DWRFns4bMTe2LqSj1rgjt/EjA==",
      "dependencies": {
        "@heroui/react-utils": "2.1.12",
        "@heroui/system-rsc": "2.3.16",
        "@react-aria/i18n": "3.12.10",
        "@react-aria/overlays": "3.27.3",
        "@react-aria/utils": "3.29.1"
      },
      "peerDependencies": {
        "framer-motion": ">=11.5.6 || >=12.0.0-alpha.1",
        "react": ">=18 || >=19.0.0-rc.0",
        "react-dom": ">=18 || >=19.0.0-rc.0"
      }
    },
    "node_modules/@heroui/system-rsc": {
      "version": "2.3.16",
      "resolved": "https://registry.npmjs.org/@heroui/system-rsc/-/system-rsc-2.3.16.tgz",
      "integrity": "sha512-6zuKh5glnrrc8A7kCqjr5D1EWjUdBG0UqpX8rLQwXzY6p9hbhu0LSlkxuGoLW7goUBqa57MmGvJFVb8VZpk6EA==",
      "dependencies": {
        "@react-types/shared": "3.30.0",
        "clsx": "^1.2.1"
      },
      "peerDependencies": {
        "@heroui/theme": ">=2.4.17",
        "react": ">=18 || >=19.0.0-rc.0"
      }
    },
    "node_modules/@heroui/theme": {
      "version": "2.4.19",
      "resolved": "https://registry.npmjs.org/@heroui/theme/-/theme-2.4.19.tgz",
      "integrity": "sha512-MksRtU/ux5d9Ogv8duIkBcddrY1W6YuhP9fgaucsvgEDKE9JiSLsb4owI63x1uC0GYQ0+4DIH164E2Lm6KOejQ==",
      "dependencies": {
        "@heroui/shared-utils": "2.1.10",
        "clsx": "^1.2.1",
        "color": "^4.2.3",
        "color2k": "^2.0.3",
        "deepmerge": "4.3.1",
        "flat": "^5.0.2",
        "tailwind-merge": "3.0.2",
        "tailwind-variants": "1.0.0"
      },
      "peerDependencies": {
        "tailwindcss": ">=4.0.0"
      }
    },
    "node_modules/@heroui/use-aria-button": {
      "version": "2.2.17",
      "resolved": "https://registry.npmjs.org/@heroui/use-aria-button/-/use-aria-button-2.2.17.tgz",
      "integrity": "sha512-mzOztFoN/2zWinbeZw9gECJwXV+vY3uosvk58+3/CX/938VwHnLCGXr5YkLE0IDfoOimEcS4Pjb93RZaZFeR3g==",
      "dependencies": {
        "@react-aria/focus": "3.20.5",
        "@react-aria/interactions": "3.25.3",
        "@react-aria/utils": "3.29.1",
        "@react-types/button": "3.12.2",
        "@react-types/shared": "3.30.0"
      },
      "peerDependencies": {
        "react": ">=18 || >=19.0.0-rc.0"
      }
    },
    "node_modules/@heroui/use-image": {
      "version": "2.1.11",
      "resolved": "https://registry.npmjs.org/@heroui/use-image/-/use-image-2.1.11.tgz",
      "integrity": "sha512-zG3MsPvTSqW69hSDIxHsNJPJfkLoZA54x0AkwOTiqiFh5Z+3ZaQvMTn31vbuMIKmHRpHkkZOTc85cqpAB1Ct4w==",
      "dependencies": {
        "@heroui/react-utils": "2.1.12",
        "@heroui/use-safe-layout-effect": "2.1.8"
      },
      "peerDependencies": {
        "react": ">=18 || >=19.0.0-rc.0"
      }
    },
    "node_modules/@heroui/use-safe-layout-effect": {
      "version": "2.1.8",
      "resolved": "https://registry.npmjs.org/@heroui/use-safe-layout-effect/-/use-safe-layout-effect-2.1.8.tgz",
      "integrity": "sha512-wbnZxVWCYqk10XRMu0veSOiVsEnLcmGUmJiapqgaz0fF8XcpSScmqjTSoWjHIEWaHjQZ6xr+oscD761D6QJN+Q==",
      "peerDependencies": {
        "react": ">=18 || >=19.0.0-rc.0"
      }
    },
    "node_modules/@internationalized/date": {
      "version": "3.8.2",
      "resolved": "https://registry.npmjs.org/@internationalized/date/-/date-3.8.2.tgz",
      "integrity": "sha512-/wENk7CbvLbkUvX1tu0mwq49CVkkWpkXubGel6birjRPyo6uQ4nQpnq5xZu823zRCwwn82zgHrvgF1vZyvmVgA==",
      "dependencies": {
        "@swc/helpers": "^0.5.0"
      }
    },
    "node_modules/@internationalized/message": {
      "version": "3.1.8",
      "resolved": "https://registry.npmjs.org/@internationalized/message/-/message-3.1.8.tgz",
      "integrity": "sha512-Rwk3j/TlYZhn3HQ6PyXUV0XP9Uv42jqZGNegt0BXlxjE6G3+LwHjbQZAGHhCnCPdaA6Tvd3ma/7QzLlLkJxAWA==",
      "dependencies": {
        "@swc/helpers": "^0.5.0",
        "intl-messageformat": "^10.1.0"
      }
    },
    "node_modules/@internationalized/number": {
      "version": "3.6.3",
      "resolved": "https://registry.npmjs.org/@internationalized/number/-/number-3.6.3.tgz",
      "integrity": "sha512-p+Zh1sb6EfrfVaS86jlHGQ9HA66fJhV9x5LiE5vCbZtXEHAuhcmUZUdZ4WrFpUBfNalr2OkAJI5AcKEQF+Lebw==",
      "dependencies": {
        "@swc/helpers": "^0.5.0"
      }
    },
    "node_modules/@internationalized/string": {
      "version": "3.2.7",
      "resolved": "https://registry.npmjs.org/@internationalized/string/-/string-3.2.7.tgz",
      "integrity": "sha512-D4OHBjrinH+PFZPvfCXvG28n2LSykWcJ7GIioQL+ok0LON15SdfoUssoHzzOUmVZLbRoREsQXVzA6r8JKsbP6A==",
      "dependencies": {
        "@swc/helpers": "^0.5.0"
      }
    },
    "node_modules/@react-aria/focus": {
      "version": "3.20.5",
      "resolved": "https://registry.npmjs.org/@react-aria/focus/-/focus-3.20.5.tgz",
      "integrity": "sha512-JpFtXmWQ0Oca7FcvkqgjSyo6xEP7v3oQOLUId6o0xTvm4AD5W0mU2r3lYrbhsJ+XxdUUX4AVR5473sZZ85kU4A==",
      "dependencies": {
        "@react-aria/interactions": "^3.25.3",
        "@react-aria/utils": "^3.29.1",
        "@react-types/shared": "^3.30.0",
        "@swc/helpers": "^0.5.0",
        "clsx": "^2.0.0"
      },
      "peerDependencies": {
        "react": "^16.8.0 || ^17.0.0-rc.1 || ^18.0.0 || ^19.0.0-rc.1",
        "react-dom": "^16.8.0 || ^17.0.0-rc.1 || ^18.0.0 || ^19.0.0-rc.1"
      }
    },
    "node_modules/@react-aria/focus/node_modules/clsx": {
      "version": "2.1.1",
      "resolved": "https://registry.npmjs.org/clsx/-/clsx-2.1.1.tgz",
      "integrity": "sha512-eYm0QWBtUrBWZWG0d386OGAw16Z995PiOVo2B7bjWSbHedGl5e0ZWaq65kOGgUSNesEIDkB9ISbTg/JK9dhCZA==",
      "engines": {
        "node": ">=6"
      }
    },
    "node_modules/@react-aria/i18n": {
      "version": "3.12.10",
      "resolved": "https://registry.npmjs.org/@react-aria/i18n/-/i18n-3.12.10.tgz",
      "integrity": "sha512-1j00soQ2W0nTgzaaIsGFdMF/5aN60AEdCJPhmXGZiuWdWzMxObN9LQ9vdzYPTjTqyqMdSaSp9DZKs5I26Xovpw==",
      "dependencies": {
        "@internationalized/date": "^3.8.2",
        "@internationalized/message": "^3.1.8",
        "@internationalized/number": "^3.6.3",
        "@internationalized/string": "^3.2.7",
        "@react-aria/ssr": "^3.9.9",
        "@react-aria/utils": "^3.29.1",
        "@react-types/shared": "^3.30.0",
        "@swc/helpers": "^0.5.0"
      },
      "peerDependencies": {
        "react": "^16.8.0 || ^17.0.0-rc.1 || ^18.0.0 || ^19.0.0-rc.1",
        "react-dom": "^16.8.0 || ^17.0.0-rc.1 || ^18.0.0 || ^19.0.0-rc.1"
      }
    },
    "node_modules/@react-aria/interactions": {
      "version": "3.25.3",
      "resolved": "https://registry.npmjs.org/@react-aria/interactions/-/interactions-3.25.3.tgz",
      "integrity": "sha512-J1bhlrNtjPS/fe5uJQ+0c7/jiXniwa4RQlP+Emjfc/iuqpW2RhbF9ou5vROcLzWIyaW8tVMZ468J68rAs/aZ5A==",
      "dependencies": {
        "@react-aria/ssr": "^3.9.9",
        "@react-aria/utils": "^3.29.1",
        "@react-stately/flags": "^3.1.2",
        "@react-types/shared": "^3.30.0",
        "@swc/helpers": "^0.5.0"
      },
      "peerDependencies": {
        "react": "^16.8.0 || ^17.0.0-rc.1 || ^18.0.0 || ^19.0.0-rc.1",
        "react-dom": "^16.8.0 || ^17.0.0-rc.1 || ^18.0.0 || ^19.0.0-rc.1"
      }
    },
    "node_modules/@react-aria/overlays": {
      "version": "3.27.3",
      "resolved": "https://registry.npmjs.org/@react-aria/overlays/-/overlays-3.27.3.tgz",
      "integrity": "sha512-1hawsRI+QiM0TkPNwApNJ2+N49NQTP+48xq0JG8hdEUPChQLDoJ39cvT1sxdg0mnLDzLaAYkZrgfokq9sX6FLA==",
      "dependencies": {
        "@react-aria/focus": "^3.20.5",
        "@react-aria/i18n": "^3.12.10",
        "@react-aria/interactions": "^3.25.3",
        "@react-aria/ssr": "^3.9.9",
        "@react-aria/utils": "^3.29.1",
        "@react-aria/visually-hidden": "^3.8.25",
        "@react-stately/overlays": "^3.6.17",
        "@react-types/button": "^3.12.2",
        "@react-types/overlays": "^3.8.16",
        "@react-types/shared": "^3.30.0",
        "@swc/helpers": "^0.5.0"
      },
      "peerDependencies": {
        "react": "^16.8.0 || ^17.0.0-rc.1 || ^18.0.0 || ^19.0.0-rc.1",
        "react-dom": "^16.8.0 || ^17.0.0-rc.1 || ^18.0.0 || ^19.0.0-rc.1"
      }
    },
    "node_modules/@react-aria/ssr": {
      "version": "3.9.9",
      "resolved": "https://registry.npmjs.org/@react-aria/ssr/-/ssr-3.9.9.tgz",
      "integrity": "sha512-2P5thfjfPy/np18e5wD4WPt8ydNXhij1jwA8oehxZTFqlgVMGXzcWKxTb4RtJrLFsqPO7RUQTiY8QJk0M4Vy2g==",
      "dependencies": {
        "@swc/helpers": "^0.5.0"
      },
      "engines": {
        "node": ">= 12"
      },
      "peerDependencies": {
        "react": "^16.8.0 || ^17.0.0-rc.1 || ^18.0.0 || ^19.0.0-rc.1"
      }
    },
    "node_modules/@react-aria/utils": {
      "version": "3.29.1",
      "resolved": "https://registry.npmjs.org/@react-aria/utils/-/utils-3.29.1.tgz",
      "integrity": "sha512-yXMFVJ73rbQ/yYE/49n5Uidjw7kh192WNN9PNQGV0Xoc7EJUlSOxqhnpHmYTyO0EotJ8fdM1fMH8durHjUSI8g==",
      "dependencies": {
        "@react-aria/ssr": "^3.9.9",
        "@react-stately/flags": "^3.1.2",
        "@react-stately/utils": "^3.10.7",
        "@react-types/shared": "^3.30.0",
        "@swc/helpers": "^0.5.0",
        "clsx": "^2.0.0"
      },
      "peerDependencies": {
        "react": "^16.8.0 || ^17.0.0-rc.1 || ^18.0.0 || ^19.0.0-rc.1",
        "react-dom": "^16.8.0 || ^17.0.0-rc.1 || ^18.0.0 || ^19.0.0-rc.1"
      }
    },
    "node_modules/@react-aria/utils/node_modules/clsx": {
      "version": "2.1.1",
      "resolved": "https://registry.npmjs.org/clsx/-/clsx-2.1.1.tgz",
      "integrity": "sha512-eYm0QWBtUrBWZWG0d386OGAw16Z995PiOVo2B7bjWSbHedGl5e0ZWaq65kOGgUSNesEIDkB9ISbTg/JK9dhCZA==",
      "engines": {
        "node": ">=6"
      }
    },
    "node_modules/@react-aria/visually-hidden": {
      "version": "3.8.25",
      "resolved": "https://registry.npmjs.org/@react-aria/visually-hidden/-/visually-hidden-3.8.25.tgz",
      "integrity": "sha512-9tRRFV1YMLuDId9E8PeUf0xy0KmQBoP8y/bm0PKWzXOqLOVmp/+kop9rwsjC7J6ppbBnlak7XCXTc7GoSFOCRA==",
      "dependencies": {
        "@react-aria/interactions": "^3.25.3",
        "@react-aria/utils": "^3.29.1",
        "@react-types/shared": "^3.30.0",
        "@swc/helpers": "^0.5.0"
      },
      "peerDependencies": {
        "react": "^16.8.0 || ^17.0.0-rc.1 || ^18.0.0 || ^19.0.0-rc.1",
        "react-dom": "^16.8.0 || ^17.0.0-rc.1 || ^18.0.0 || ^19.0.0-rc.1"
      }
    },
    "node_modules/@react-stately/flags": {
      "version": "3.1.2",
      "resolved": "https://registry.npmjs.org/@react-stately/flags/-/flags-3.1.2.tgz",
      "integrity": "sha512-2HjFcZx1MyQXoPqcBGALwWWmgFVUk2TuKVIQxCbRq7fPyWXIl6VHcakCLurdtYC2Iks7zizvz0Idv48MQ38DWg==",
      "dependencies": {
        "@swc/helpers": "^0.5.0"
      }
    },
    "node_modules/@react-stately/overlays": {
      "version": "3.6.17",
      "resolved": "https://registry.npmjs.org/@react-stately/overlays/-/overlays-3.6.17.tgz",
      "integrity": "sha512-bkGYU4NPC/LgX9OGHLG8hpf9QDoazlb6fKfD+b5o7GtOdctBqCR287T/IBOQyvHqpySqrQ8XlyaGxJPGIcCiZw==",
      "dependencies": {
        "@react-stately/utils": "^3.10.7",
        "@react-types/overlays": "^3.8.16",
        "@swc/helpers": "^0.5.0"
      },
      "peerDependencies": {
        "react": "^16.8.0 || ^17.0.0-rc.1 || ^18.0.0 || ^19.0.0-rc.1"
      }
    },
    "node_modules/@react-stately/utils": {
      "version": "3.10.7",
      "resolved": "https://registry.npmjs.org/@react-stately/utils/-/utils-3.10.7.tgz",
      "integrity": "sha512-cWvjGAocvy4abO9zbr6PW6taHgF24Mwy/LbQ4TC4Aq3tKdKDntxyD+sh7AkSRfJRT2ccMVaHVv2+FfHThd3PKQ==",
      "dependencies": {
        "@swc/helpers": "^0.5.0"
      },
      "peerDependencies": {
        "react": "^16.8.0 || ^17.0.0-rc.1 || ^18.0.0 || ^19.0.0-rc.1"
      }
    },
    "node_modules/@react-types/button": {
      "version": "3.12.2",
      "resolved": "https://registry.npmjs.org/@react-types/button/-/button-3.12.2.tgz",
      "integrity": "sha512-QLoSCX8E7NFIdkVMa65TPieve0rKeltfcIxiMtrphjfNn+83L0IHMcbhjf4r4W19c/zqGbw3E53Hx8mNukoTUw==",
      "dependencies": {
        "@react-types/shared": "^3.30.0"
      },
      "peerDependencies": {
        "react": "^16.8.0 || ^17.0.0-rc.1 || ^18.0.0 || ^19.0.0-rc.1"
      }
    },
    "node_modules/@react-types/overlays": {
      "version": "3.8.16",
      "resolved": "https://registry.npmjs.org/@react-types/overlays/-/overlays-3.8.16.tgz",
      "integrity": "sha512-Aj9jIFwALk9LiOV/s3rVie+vr5qWfaJp/6aGOuc2StSNDTHvj1urSAr3T0bT8wDlkrqnlS4JjEGE40ypfOkbAA==",
      "dependencies": {
        "@react-types/shared": "^3.30.0"
      },
      "peerDependencies": {
        "react": "^16.8.0 || ^17.0.0-rc.1 || ^18.0.0 || ^19.0.0-rc.1"
      }
    },
    "node_modules/@react-types/shared": {
      "version": "3.30.0",
      "resolved": "https://registry.npmjs.org/@react-types/shared/-/shared-3.30.0.tgz",
      "integrity": "sha512-COIazDAx1ncDg046cTJ8SFYsX8aS3lB/08LDnbkH/SkdYrFPWDlXMrO/sUam8j1WWM+PJ+4d1mj7tODIKNiFog==",
      "peerDependencies": {
        "react": "^16.8.0 || ^17.0.0-rc.1 || ^18.0.0 || ^19.0.0-rc.1"
      }
    },
    "node_modules/@swc/helpers": {
      "version": "0.5.17",
      "resolved": "https://registry.npmjs.org/@swc/helpers/-/helpers-0.5.17.tgz",
      "integrity": "sha512-5IKx/Y13RsYd+sauPb2x+U/xZikHjolzfuDgTAl/Tdf3Q8rslRvC19NKDLgAJQ6wsqADk10ntlv08nPFw/gO/A==",
      "dependencies": {
        "tslib": "^2.8.0"
      }
    },
    "node_modules/clsx": {
      "version": "1.2.1",
      "resolved": "https://registry.npmjs.org/clsx/-/clsx-1.2.1.tgz",
      "integrity": "sha512-EcR6r5a8bj6pu3ycsa/E/cKVGuTgZJZdsyUYHOksG/UHIiKfjxzRxYJpyVBwYaQeOvghal9fcc4PidlgzugAQg==",
      "engines": {
        "node": ">=6"
      }
    },
    "node_modules/color": {
      "version": "4.2.3",
      "resolved": "https://registry.npmjs.org/color/-/color-4.2.3.tgz",
      "integrity": "sha512-1rXeuUUiGGrykh+CeBdu5Ie7OJwinCgQY0bc7GCRxy5xVHy+moaqkpL/jqQq0MtQOeYcrqEz4abc5f0KtU7W4A==",
      "dependencies": {
        "color-convert": "^2.0.1",
        "color-string": "^1.9.0"
      },
      "engines": {
        "node": ">=12.5.0"
      }
    },
    "node_modules/color-convert": {
      "version": "2.0.1",
      "resolved": "https://registry.npmjs.org/color-convert/-/color-convert-2.0.1.tgz",
      "integrity": "sha512-RRECPsj7iu/xb5oKYcsFHSppFNnsj/52OVTRKb4zP5onXwVF3zVmmToNcOfGC+CRDpfK/U584fMg38ZHCaElKQ==",
      "dependencies": {
        "color-name": "~1.1.4"
      },
      "engines": {
        "node": ">=7.0.0"
      }
    },
    "node_modules/color-name": {
      "version": "1.1.4",
      "resolved": "https://registry.npmjs.org/color-name/-/color-name-1.1.4.tgz",
      "integrity": "sha512-dOy+3AuW3a2wNbZHIuMZpTcgjGuLU/uBL/ubcZF9OXbDo8ff4O8yVp5Bf0efS8uEoYo5q4Fx7dY9OgQGXgAsQA=="
    },
    "node_modules/color-string": {
      "version": "1.9.1",
      "resolved": "https://registry.npmjs.org/color-string/-/color-string-1.9.1.tgz",
      "integrity": "sha512-shrVawQFojnZv6xM40anx4CkoDP+fZsw/ZerEMsW/pyzsRbElpsL/DBVW7q3ExxwusdNXI3lXpuhEZkzs8p5Eg==",
      "dependencies": {
        "color-name": "^1.0.0",
        "simple-swizzle": "^0.2.2"
      }
    },
    "node_modules/color2k": {
      "version": "2.0.3",
      "resolved": "https://registry.npmjs.org/color2k/-/color2k-2.0.3.tgz",
      "integrity": "sha512-zW190nQTIoXcGCaU08DvVNFTmQhUpnJfVuAKfWqUQkflXKpaDdpaYoM0iluLS9lgJNHyBF58KKA2FBEwkD7wog=="
    },
    "node_modules/decimal.js": {
      "version": "10.6.0",
      "resolved": "https://registry.npmjs.org/decimal.js/-/decimal.js-10.6.0.tgz",
      "integrity": "sha512-YpgQiITW3JXGntzdUmyUR1V812Hn8T1YVXhCu+wO3OpS4eU9l4YdD3qjyiKdV6mvV29zapkMeD390UVEf2lkUg=="
    },
    "node_modules/deepmerge": {
      "version": "4.3.1",
      "resolved": "https://registry.npmjs.org/deepmerge/-/deepmerge-4.3.1.tgz",
      "integrity": "sha512-3sUqbMEc77XqpdNO7FRyRog+eW3ph+GYCbj+rK+uYyRMuwsVy0rMiVtPn+QJlKFvWP/1PYpapqYn0Me2knFn+A==",
      "engines": {
        "node": ">=0.10.0"
      }
    },
    "node_modules/flat": {
      "version": "5.0.2",
      "resolved": "https://registry.npmjs.org/flat/-/flat-5.0.2.tgz",
      "integrity": "sha512-b6suED+5/3rTpUBdG1gupIl8MPFCAMA0QXwmljLhvCUKcUvdE4gWky9zpuGCcXHOsz4J9wPGNWq6OKpmIzz3hQ==",
      "bin": {
        "flat": "cli.js"
      }
    },
    "node_modules/framer-motion": {
      "version": "12.23.6",
      "resolved": "https://registry.npmjs.org/framer-motion/-/framer-motion-12.23.6.tgz",
      "integrity": "sha512-dsJ389QImVE3lQvM8Mnk99/j8tiZDM/7706PCqvkQ8sSCnpmWxsgX+g0lj7r5OBVL0U36pIecCTBoIWcM2RuKw==",
      "dependencies": {
        "motion-dom": "^12.23.6",
        "motion-utils": "^12.23.6",
        "tslib": "^2.4.0"
      },
      "peerDependencies": {
        "@emotion/is-prop-valid": "*",
        "react": "^18.0.0 || ^19.0.0",
        "react-dom": "^18.0.0 || ^19.0.0"
      },
      "peerDependenciesMeta": {
        "@emotion/is-prop-valid": {
          "optional": true
        },
        "react": {
          "optional": true
        },
        "react-dom": {
          "optional": true
        }
      }
    },
    "node_modules/intl-messageformat": {
      "version": "10.7.16",
      "resolved": "https://registry.npmjs.org/intl-messageformat/-/intl-messageformat-10.7.16.tgz",
      "integrity": "sha512-UmdmHUmp5CIKKjSoE10la5yfU+AYJAaiYLsodbjL4lji83JNvgOQUjGaGhGrpFCb0Uh7sl7qfP1IyILa8Z40ug==",
      "dependencies": {
        "@formatjs/ecma402-abstract": "2.3.4",
        "@formatjs/fast-memoize": "2.2.7",
        "@formatjs/icu-messageformat-parser": "2.11.2",
        "tslib": "^2.8.0"
      }
    },
    "node_modules/is-arrayish": {
      "version": "0.3.2",
      "resolved": "https://registry.npmjs.org/is-arrayish/-/is-arrayish-0.3.2.tgz",
      "integrity": "sha512-eVRqCvVlZbuw3GrM63ovNSNAeA1K16kaR/LRY/92w0zxQ5/1YzwblUX652i4Xs9RwAGjW9d9y6X88t8OaAJfWQ=="
    },
    "node_modules/motion-dom": {
      "version": "12.23.6",
      "resolved": "https://registry.npmjs.org/motion-dom/-/motion-dom-12.23.6.tgz",
      "integrity": "sha512-G2w6Nw7ZOVSzcQmsdLc0doMe64O/Sbuc2bVAbgMz6oP/6/pRStKRiVRV4bQfHp5AHYAKEGhEdVHTM+R3FDgi5w==",
      "dependencies": {
        "motion-utils": "^12.23.6"
      }
    },
    "node_modules/motion-utils": {
      "version": "12.23.6",
      "resolved": "https://registry.npmjs.org/motion-utils/-/motion-utils-12.23.6.tgz",
      "integrity": "sha512-eAWoPgr4eFEOFfg2WjIsMoqJTW6Z8MTUCgn/GZ3VRpClWBdnbjryiA3ZSNLyxCTmCQx4RmYX6jX1iWHbenUPNQ=="
    },
    "node_modules/react": {
      "version": "19.1.0",
      "resolved": "https://registry.npmjs.org/react/-/react-19.1.0.tgz",
      "integrity": "sha512-FS+XFBNvn3GTAWq26joslQgWNoFu08F4kl0J4CgdNKADkdSGXQyTCnKteIAJy96Br6YbpEU1LSzV5dYtjMkMDg==",
      "peer": true,
      "engines": {
        "node": ">=0.10.0"
      }
    },
    "node_modules/react-dom": {
      "version": "19.1.0",
      "resolved": "https://registry.npmjs.org/react-dom/-/react-dom-19.1.0.tgz",
      "integrity": "sha512-Xs1hdnE+DyKgeHJeJznQmYMIBG3TKIHJJT95Q58nHLSrElKlGQqDTR2HQ9fx5CN/Gk6Vh/kupBTDLU11/nDk/g==",
      "peer": true,
      "dependencies": {
        "scheduler": "^0.26.0"
      },
      "peerDependencies": {
        "react": "^19.1.0"
      }
    },
    "node_modules/scheduler": {
      "version": "0.26.0",
      "resolved": "https://registry.npmjs.org/scheduler/-/scheduler-0.26.0.tgz",
      "integrity": "sha512-NlHwttCI/l5gCPR3D1nNXtWABUmBwvZpEQiD4IXSbIDq8BzLIK/7Ir5gTFSGZDUu37K5cMNp0hFtzO38sC7gWA==",
      "peer": true
    },
    "node_modules/simple-swizzle": {
      "version": "0.2.2",
      "resolved": "https://registry.npmjs.org/simple-swizzle/-/simple-swizzle-0.2.2.tgz",
      "integrity": "sha512-JA//kQgZtbuY83m+xT+tXJkmJncGMTFT+C+g2h2R9uxkYIrE2yy9sgmcLhCnw57/WSD+Eh3J97FPEDFnbXnDUg==",
      "dependencies": {
        "is-arrayish": "^0.3.1"
      }
    },
    "node_modules/tailwind-merge": {
      "version": "3.0.2",
      "resolved": "https://registry.npmjs.org/tailwind-merge/-/tailwind-merge-3.0.2.tgz",
      "integrity": "sha512-l7z+OYZ7mu3DTqrL88RiKrKIqO3NcpEO8V/Od04bNpvk0kiIFndGEoqfuzvj4yuhRkHKjRkII2z+KS2HfPcSxw==",
      "funding": {
        "type": "github",
        "url": "https://github.com/sponsors/dcastil"
      }
    },
    "node_modules/tailwind-variants": {
      "version": "1.0.0",
      "resolved": "https://registry.npmjs.org/tailwind-variants/-/tailwind-variants-1.0.0.tgz",
      "integrity": "sha512-2WSbv4ulEEyuBKomOunut65D8UZwxrHoRfYnxGcQNnHqlSCp2+B7Yz2W+yrNDrxRodOXtGD/1oCcKGNBnUqMqA==",
      "dependencies": {
        "tailwind-merge": "3.0.2"
      },
      "engines": {
        "node": ">=16.x",
        "pnpm": ">=7.x"
      },
      "peerDependencies": {
        "tailwindcss": "*"
      }
    },
    "node_modules/tailwindcss": {
      "version": "4.0.0",
      "resolved": "https://registry.npmjs.org/tailwindcss/-/tailwindcss-4.0.0.tgz",
      "integrity": "sha512-ULRPI3A+e39T7pSaf1xoi58AqqJxVCLg8F/uM5A3FadUbnyDTgltVnXJvdkTjwCOGA6NazqHVcwPJC5h2vRYVQ=="
    },
    "node_modules/tslib": {
      "version": "2.8.1",
      "resolved": "https://registry.npmjs.org/tslib/-/tslib-2.8.1.tgz",
      "integrity": "sha512-oJFu94HQb+KVduSUQL7wnpmqnfmLsOA/nAh6b6EH0wCEoK0/mPeXU6c3wKDV83MkOuHPRHtSXKKU99IBazS/2w=="
    }
  }
}
